
Microsoft Visual Studio Solution File, Format Version 12.00
# Visual Studio Version 17
VisualStudioVersion = 17.6.33829.357
MinimumVisualStudioVersion = 10.0.40219.1
Project("{FAE04EC0-301F-11D3-BF4B-00C04F79EFBC}") = "Phonebook", "Phonebook.csproj", "{66ED6186-5A66-46C2-88CC-E958A5E25103}"
EndProject
Global
	GlobalSection(SolutionConfigurationPlatforms) = preSolution
		Debug|Any CPU = Debug|Any CPU
		Release|Any CPU = Release|Any CPU
	EndGlobalSection
	GlobalSection(ProjectConfigurationPlatforms) = postSolution
		{66ED6186-5A66-46C2-88CC-E958A5E25103}.Debug|Any CPU.ActiveCfg = Debug|Any CPU
		{66ED6186-5A66-46C2-88CC-E958A5E25103}.Debug|Any CPU.Build.0 = Debug|Any CPU
		{66ED6186-5A66-46C2-88CC-E958A5E25103}.Release|Any CPU.ActiveCfg = Release|Any CPU
		{66ED6186-5A66-46C2-88CC-E958A5E25103}.Release|Any CPU.Build.0 = Release|Any CPU
	EndGlobalSection
	GlobalSection(SolutionProperties) = preSolution
		HideSolutionNode = FALSE
	EndGlobalSection
	GlobalSection(ExtensibilityGlobals) = postSolution
		SolutionGuid = {E3683341-2B7C-48D3-9DD4-403DF09C4AFA}
	EndGlobalSection
EndGlobal
